# THIS IS AN AUTOGENERATED FILE. DO NOT EDIT THIS FILE DIRECTLY.
# yarn lockfile v1
abstract-leveldown@~0.12.0, abstract-leveldown@~0.12.1, abstract-leveldown@~0.12.2:
  version "0.12.4"
  resolved "https://registry.yarnpkg.com/abstract-leveldown/-/abstract-leveldown-0.12.4.tgz#29e18e632e60e4e221d5810247852a63d7b2e410"
  dependencies:
    xtend "~3.0.0"

base64-js@0.0.2:
  version "0.0.2"
  resolved "https://registry.yarnpkg.com/base64-js/-/base64-js-0.0.2.tgz#024f0f72afa25b75f9c0ee73cd4f55ec1bed9784"

bindings@~1.2.1:
  version "1.2.1"
  resolved "https://registry.yarnpkg.com/bindings/-/bindings-1.2.1.tgz#14ad6113812d2d37d72e67b4cacb4bb726505f11"

bl@~0.8.1:
  version "0.8.2"
  resolved "https://registry.yarnpkg.com/bl/-/bl-0.8.2.tgz#c9b6bca08d1bc2ea00fc8afb4f1a5fd1e1c66e4e"
  dependencies:
    readable-stream "~1.0.26"

bops@~0.1.0:
  version "0.1.1"
  resolved "https://registry.yarnpkg.com/bops/-/bops-0.1.1.tgz#062e02a8daa801fa10f2e5dbe6740cff801fe17e"
  dependencies:
    base64-js "0.0.2"
    to-utf8 "0.0.1"

bytewise@~0.7.1:
  version "0.7.1"
  resolved "https://registry.yarnpkg.com/bytewise/-/bytewise-0.7.1.tgz#43a479d763c85256d5467c8fe05a734f4f2eac2e"
  dependencies:
    bops "~0.1.0"

core-util-is@~1.0.0:
  version "1.0.2"
  resolved "https://registry.yarnpkg.com/core-util-is/-/core-util-is-1.0.2.tgz#b5fd54220aa2bc5ab57aab7140c940754503c1a7"

deep-equal@~0.2.0:
  version "0.2.2"
  resolved "https://registry.yarnpkg.com/deep-equal/-/deep-equal-0.2.2.tgz#84b745896f34c684e98f2ce0e42abaf43bba017d"

deferred-leveldown@~0.2.0:
  version "0.2.0"
  resolved "https://registry.yarnpkg.com/deferred-leveldown/-/deferred-leveldown-0.2.0.tgz#2cef1f111e1c57870d8bbb8af2650e587cd2f5b4"
  dependencies:
    abstract-leveldown "~0.12.1"

defined@~0.0.0:
  version "0.0.0"
  resolved "https://registry.yarnpkg.com/defined/-/defined-0.0.0.tgz#f35eea7d705e933baf13b2f03b3f83d921403b3e"

errno@~0.1.1:
  version "0.1.4"
  resolved "https://registry.yarnpkg.com/errno/-/errno-0.1.4.tgz#b896e23a9e5e8ba33871fc996abd3635fc9a1c7d"
  dependencies:
    prr "~0.0.0"

glob@^3.2.9, glob@~3.2.9:
  version "3.2.11"
  resolved "https://registry.yarnpkg.com/glob/-/glob-3.2.11.tgz#4a973f635b9190f715d10987d5c00fd2815ebe3d"
  dependencies:
    inherits "2"
    minimatch "0.3"

has@~0.0.1:
  version "0.0.1"
  resolved "https://registry.yarnpkg.com/has/-/has-0.0.1.tgz#66639c14eaf559f139da2be0e438910ef3fd5b1b"

idb-wrapper@~1.4.1:
  version "1.4.1"
  resolved "https://registry.yarnpkg.com/idb-wrapper/-/idb-wrapper-1.4.1.tgz#20ed7727d515d75befd7c380a8b96400c511456c"

inherits@^2.0.1, inherits@~2.0.1, inherits@2:
  version "2.0.3"
  resolved "https://registry.yarnpkg.com/inherits/-/inherits-2.0.3.tgz#633c2c83e3da42a502f52466022480f4208261de"

isarray@0.0.1:
  version "0.0.1"
  resolved "https://registry.yarnpkg.com/isarray/-/isarray-0.0.1.tgz#8a18acfca9a8f4177e09abfc6038939b05d1eedf"

isbuffer@~0.0.0:
  version "0.0.0"
  resolved "https://registry.yarnpkg.com/isbuffer/-/isbuffer-0.0.0.tgz#38c146d9df528b8bf9b0701c3d43cf12df3fc39b"

level-js@~2.1.6:
  version "2.1.6"
  resolved "https://registry.yarnpkg.com/level-js/-/level-js-2.1.6.tgz#4e94f728e5597c623ee6280dbeb5b8699365cb4d"
  dependencies:
    abstract-leveldown "~0.12.0"
    idb-wrapper "~1.4.1"
    isbuffer "~0.0.0"
    ltgt "^1.0.1"
    tape "~2.10.2"
    typedarray-to-buffer "~1.0.0"
    xtend "~2.1.2"

level-post@~1.0.3:
  version "1.0.5"
  resolved "https://registry.yarnpkg.com/level-post/-/level-post-1.0.5.tgz#2a66390409bf6a1621a444bab6f016444cc9802c"
  dependencies:
    ltgt "^2.1.2"

level-sublevel@~6.3.0:
  version "6.3.17"
  resolved "https://registry.yarnpkg.com/level-sublevel/-/level-sublevel-6.3.17.tgz#6d514fe432619199fa300911bfdfa3f98de761cb"
  dependencies:
    bytewise "~0.7.1"
    levelup "~0.19.0"
    ltgt "~2.0.0"
    pull-stream "~2.21.0"
    typewiselite "~1.0.0"
    xtend "~4.0.0"

level-test@~1.6.3:
  version "1.6.6"
  resolved "https://registry.yarnpkg.com/level-test/-/level-test-1.6.6.tgz#5099dcc44ef261e10351059ee46b4a8bef93fe53"
  dependencies:
    level-js "~2.1.6"
    levelup "~0.19.0"
    memdown "~0.10.2"
    mkdirp "~0.5.0"
    osenv "0.1.0"
    rimraf "~2.2.6"
    xtend "~4.0.0"
  optionalDependencies:
    leveldown "~0.10.2"

leveldown@~0.10.2:
  version "0.10.6"
  resolved "https://registry.yarnpkg.com/leveldown/-/leveldown-0.10.6.tgz#a1bb751c95263ff60f41bde0f973ff8c1e98bbe9"
  dependencies:
    bindings "~1.2.1"
    nan "~2.1.0"

levelup@~0.19.0:
  version "0.19.1"
  resolved "https://registry.yarnpkg.com/levelup/-/levelup-0.19.1.tgz#f3a6a7205272c4b5f35e412ff004a03a0aedf50b"
  dependencies:
    bl "~0.8.1"
    deferred-leveldown "~0.2.0"
    errno "~0.1.1"
    prr "~0.0.0"
    readable-stream "~1.0.26"
    semver "~5.1.0"
    xtend "~3.0.0"

looper@^2.0.0:
  version "2.0.0"
  resolved "https://registry.yarnpkg.com/looper/-/looper-2.0.0.tgz#66cd0c774af3d4fedac53794f742db56da8f09ec"

looper@^3.0.0:
  version "3.0.0"
  resolved "https://registry.yarnpkg.com/looper/-/looper-3.0.0.tgz#2efa54c3b1cbaba9b94aee2e5914b0be57fbb749"

lru-cache@2:
  version "2.7.3"
  resolved "https://registry.yarnpkg.com/lru-cache/-/lru-cache-2.7.3.tgz#6d4524e8b955f95d4f5b58851ce21dd72fb4e952"

ltgt@^1.0.1:
  version "1.2.0"
  resolved "https://registry.yarnpkg.com/ltgt/-/ltgt-1.2.0.tgz#617707dc39f38294415e66a02f3c2705ac407866"

ltgt@^2.1.2:
  version "2.1.2"
  resolved "https://registry.yarnpkg.com/ltgt/-/ltgt-2.1.2.tgz#e7472324fee690afc0d5ecf900403ce5788a311d"

ltgt@~1.0.2:
  version "1.0.2"
  resolved "https://registry.yarnpkg.com/ltgt/-/ltgt-1.0.2.tgz#e6817eb29ad204fc0c9e96ef8b0fee98ef6b9aa3"

ltgt@~2.0.0:
  version "2.0.0"
  resolved "https://registry.yarnpkg.com/ltgt/-/ltgt-2.0.0.tgz#b40ed1e337caf577c0a963f9cffbc680318009c2"

memdown@~0.10.2:
  version "0.10.2"
  resolved "https://registry.yarnpkg.com/memdown/-/memdown-0.10.2.tgz#a15ed0b6a8f216848d80a75c0fe8dd0bad89b608"
  dependencies:
    abstract-leveldown "~0.12.2"
    inherits "~2.0.1"
    ltgt "~1.0.2"

minimatch@0.3:
  version "0.3.0"
  resolved "https://registry.yarnpkg.com/minimatch/-/minimatch-0.3.0.tgz#275d8edaac4f1bb3326472089e7949c8394699dd"
  dependencies:
    lru-cache "2"
    sigmund "~1.0.0"

minimist@0.0.8:
  version "0.0.8"
  resolved "https://registry.yarnpkg.com/minimist/-/minimist-0.0.8.tgz#857fcabfc3397d2625b8228262e86aa7a011b05d"

mkdirp@~0.5.0:
  version "0.5.1"
  resolved "https://registry.yarnpkg.com/mkdirp/-/mkdirp-0.5.1.tgz#30057438eac6cf7f8c4767f38648d6697d75c903"
  dependencies:
    minimist "0.0.8"

nan@~2.1.0:
  version "2.1.0"
  resolved "https://registry.yarnpkg.com/nan/-/nan-2.1.0.tgz#020a7ccedc63fdee85f85967d5607849e74abbe8"

object-inspect@^1.0.0:
  version "1.2.1"
  resolved "https://registry.yarnpkg.com/object-inspect/-/object-inspect-1.2.1.tgz#3b62226eb8f6d441751c7d8f22a20ff80ac9dc3f"

object-inspect@~0.3.0:
  version "0.3.1"
  resolved "https://registry.yarnpkg.com/object-inspect/-/object-inspect-0.3.1.tgz#39fdc8ca276408a795f5c736b2c44cd04c1e76a8"

object-keys@~0.4.0:
  version "0.4.0"
  resolved "https://registry.yarnpkg.com/object-keys/-/object-keys-0.4.0.tgz#28a6aae7428dd2c3a92f3d95f21335dd204e0336"

osenv@0.1.0:
  version "0.1.0"
  resolved "https://registry.yarnpkg.com/osenv/-/osenv-0.1.0.tgz#61668121eec584955030b9f470b1d2309504bfcb"

prr@~0.0.0:
  version "0.0.0"
  resolved "https://registry.yarnpkg.com/prr/-/prr-0.0.0.tgz#1a84b85908325501411853d0081ee3fa86e2926a"

pull-cat@^1.1.9:
  version "1.1.11"
  resolved "https://registry.yarnpkg.com/pull-cat/-/pull-cat-1.1.11.tgz#b642dd1255da376a706b6db4fa962f5fdb74c31b"

pull-core@~1.0.0:
  version "1.0.0"
  resolved "https://registry.yarnpkg.com/pull-core/-/pull-core-1.0.0.tgz#e0eb93918dfa70963ed09e36f63daa15b76b38a4"

pull-level@^2.0.3:
  version "2.0.3"
  resolved "https://registry.yarnpkg.com/pull-level/-/pull-level-2.0.3.tgz#9500635e257945d6feede185f5d7a24773455b17"
  dependencies:
    level-post "~1.0.3"
    pull-cat "^1.1.9"
    pull-live "^1.0.1"
    pull-pushable "^2.0.0"
    pull-stream "^3.4.0"
    pull-window "^2.1.4"
    stream-to-pull-stream "^1.7.1"

pull-live@^1.0.1:
  version "1.0.1"
  resolved "https://registry.yarnpkg.com/pull-live/-/pull-live-1.0.1.tgz#a4ecee01e330155e9124bbbcf4761f21b38f51f5"
  dependencies:
    pull-cat "^1.1.9"
    pull-stream "^3.4.0"

pull-pushable@^2.0.0:
  version "2.0.1"
  resolved "https://registry.yarnpkg.com/pull-pushable/-/pull-pushable-2.0.1.tgz#02bdca51a39cf585f483fbecde2fc9378076f212"

pull-stream, pull-stream@^3.2.3, pull-stream@^3.4.0:
  version "3.4.5"
  resolved "https://registry.yarnpkg.com/pull-stream/-/pull-stream-3.4.5.tgz#dab04df30f28d1da8db0f236805f25436b01ba72"

pull-stream@~2.21.0:
  version "2.21.0"
  resolved "https://registry.yarnpkg.com/pull-stream/-/pull-stream-2.21.0.tgz#5b04e0bb35ffe64744fa9bb68465a84f9e1fe5d1"
  dependencies:
    pull-core "~1.0.0"

pull-window@^2.1.4:
  version "2.1.4"
  resolved "https://registry.yarnpkg.com/pull-window/-/pull-window-2.1.4.tgz#fc3b86feebd1920c7ae297691e23f705f88552f0"
  dependencies:
    looper "^2.0.0"

readable-stream@~1.0.26:
  version "1.0.34"
  resolved "https://registry.yarnpkg.com/readable-stream/-/readable-stream-1.0.34.tgz#125820e34bc842d2f2aaafafe4c2916ee32c157c"
  dependencies:
    core-util-is "~1.0.0"
    inherits "~2.0.1"
    isarray "0.0.1"
    string_decoder "~0.10.x"

resumer@~0.0.0:
  version "0.0.0"
  resolved "https://registry.yarnpkg.com/resumer/-/resumer-0.0.0.tgz#f1e8f461e4064ba39e82af3cdc2a8c893d076759"
  dependencies:
    through "~2.3.4"

rimraf@~2.2.6:
  version "2.2.8"
  resolved "https://registry.yarnpkg.com/rimraf/-/rimraf-2.2.8.tgz#e439be2aaee327321952730f99a8929e4fc50582"

semver@~5.1.0:
  version "5.1.1"
  resolved "https://registry.yarnpkg.com/semver/-/semver-5.1.1.tgz#a3292a373e6f3e0798da0b20641b9a9c5bc47e19"

sigmund@~1.0.0:
  version "1.0.1"
  resolved "https://registry.yarnpkg.com/sigmund/-/sigmund-1.0.1.tgz#3ff21f198cad2175f9f3b781853fd94d0d19b590"

stream-to-pull-stream@^1.7.1:
  version "1.7.2"
  resolved "https://registry.yarnpkg.com/stream-to-pull-stream/-/stream-to-pull-stream-1.7.2.tgz#757609ae1cebd33c7432d4afbe31ff78650b9dde"
  dependencies:
    looper "^3.0.0"
    pull-stream "^3.2.3"

string_decoder@~0.10.x:
  version "0.10.31"
  resolved "https://registry.yarnpkg.com/string_decoder/-/string_decoder-0.10.31.tgz#62e203bc41766c6c28c9fc84301dab1c5310fa94"

tape@~2.10.2:
  version "2.10.3"
  resolved "https://registry.yarnpkg.com/tape/-/tape-2.10.3.tgz#1d866f42d46f211baae28c290d30d4e9570c7938"
  dependencies:
    deep-equal "~0.2.0"
    defined "~0.0.0"
    glob "~3.2.9"
    inherits "~2.0.1"
    object-inspect "~0.3.0"
    resumer "~0.0.0"
    through "~2.3.4"

tape@~2.14.0:
  version "2.14.1"
  resolved "https://registry.yarnpkg.com/tape/-/tape-2.14.1.tgz#8f6eb2dd03b750aa056a8de01a5445e59f7c9cce"
  dependencies:
    deep-equal "~0.2.0"
    defined "~0.0.0"
    glob "^3.2.9"
    has "~0.0.1"
    inherits "^2.0.1"
    object-inspect "^1.0.0"
    resumer "~0.0.0"
    through "^2.3.4"

through@^2.3.4, through@~2.3.4:
  version "2.3.8"
  resolved "https://registry.yarnpkg.com/through/-/through-2.3.8.tgz#0dd4c9ffaabc357960b1b724115d7e0e86a2e1f5"

to-utf8@0.0.1:
  version "0.0.1"
  resolved "https://registry.yarnpkg.com/to-utf8/-/to-utf8-0.0.1.tgz#d17aea72ff2fba39b9e43601be7b3ff72e089852"

typedarray-to-buffer@~1.0.0:
  version "1.0.4"
  resolved "https://registry.yarnpkg.com/typedarray-to-buffer/-/typedarray-to-buffer-1.0.4.tgz#9bb8ba0e841fb3f4cf1fe7c245e9f3fa8a5fe99c"

typewiselite@~1.0.0:
  version "1.0.0"
  resolved "https://registry.yarnpkg.com/typewiselite/-/typewiselite-1.0.0.tgz#c8882fa1bb1092c06005a97f34ef5c8508e3664e"

xtend@~2.1.2:
  version "2.1.2"
  resolved "https://registry.yarnpkg.com/xtend/-/xtend-2.1.2.tgz#6efecc2a4dad8e6962c4901b337ce7ba87b5d28b"
  dependencies:
    object-keys "~0.4.0"

xtend@~3.0.0:
  version "3.0.0"
  resolved "https://registry.yarnpkg.com/xtend/-/xtend-3.0.0.tgz#5cce7407baf642cba7becda568111c493f59665a"

xtend@~4.0.0:
  version "4.0.1"
  resolved "https://registry.yarnpkg.com/xtend/-/xtend-4.0.1.tgz#a5c6d532be656e23db820efb943a1f04998d63af"

